
Microsoft Visual Studio Solution File, Format Version 12.00
# Visual Studio Version 17
VisualStudioVersion = 17.14.36518.9 d17.14
MinimumVisualStudioVersion = 10.0.40219.1
Project("{FAE04EC0-301F-11D3-BF4B-00C04F79EFBC}") = "CardsDBZ_Client", "CardsDBZ_Client\CardsDBZ_Client.csproj", "{0E30F6C2-8B8E-4478-9D8A-C01174B5DF6B}"
EndProject
Global
	GlobalSection(SolutionConfigurationPlatforms) = preSolution
		Debug|Any CPU = Debug|Any CPU
		Release|Any CPU = Release|Any CPU
	EndGlobalSection
	GlobalSection(ProjectConfigurationPlatforms) = postSolution
		{0E30F6C2-8B8E-4478-9D8A-C01174B5DF6B}.Debug|Any CPU.ActiveCfg = Debug|Any CPU
		{0E30F6C2-8B8E-4478-9D8A-C01174B5DF6B}.Debug|Any CPU.Build.0 = Debug|Any CPU
		{0E30F6C2-8B8E-4478-9D8A-C01174B5DF6B}.Release|Any CPU.ActiveCfg = Release|Any CPU
		{0E30F6C2-8B8E-4478-9D8A-C01174B5DF6B}.Release|Any CPU.Build.0 = Release|Any CPU
	EndGlobalSection
	GlobalSection(SolutionProperties) = preSolution
		HideSolutionNode = FALSE
	EndGlobalSection
	GlobalSection(ExtensibilityGlobals) = postSolution
		SolutionGuid = {076183EA-D29D-44EC-88E1-34D225C29B51}
	EndGlobalSection
EndGlobal
